
Microsoft Visual Studio Solution File, Format Version 12.00
# Visual Studio Version 17
VisualStudioVersion = 17.8.34219.65
MinimumVisualStudioVersion = 10.0.40219.1
Project("{9A19103F-16F7-4668-BE54-9A1E7A4F7556}") = "NpgsqlWrapper", "NpgsqlWrapper\NpgsqlWrapper.csproj", "{B02376DF-067B-4876-8DD9-291900F0CBC8}"
EndProject
Project("{FAE04EC0-301F-11D3-BF4B-00C04F79EFBC}") = "NpgsqlWrapperTests", "NpgsqlWrapperTests\NpgsqlWrapperTests.csproj", "{9BA2A627-8A3F-4225-88F8-B6F6FAB119F9}"
EndProject
Global
	GlobalSection(SolutionConfigurationPlatforms) = preSolution
		Debug|Any CPU = Debug|Any CPU
		Release|Any CPU = Release|Any CPU
	EndGlobalSection
	GlobalSection(ProjectConfigurationPlatforms) = postSolution
		{B02376DF-067B-4876-8DD9-291900F0CBC8}.Debug|Any CPU.ActiveCfg = Debug|Any CPU
		{B02376DF-067B-4876-8DD9-291900F0CBC8}.Debug|Any CPU.Build.0 = Debug|Any CPU
		{B02376DF-067B-4876-8DD9-291900F0CBC8}.Release|Any CPU.ActiveCfg = Release|Any CPU
		{B02376DF-067B-4876-8DD9-291900F0CBC8}.Release|Any CPU.Build.0 = Release|Any CPU
		{9BA2A627-8A3F-4225-88F8-B6F6FAB119F9}.Debug|Any CPU.ActiveCfg = Debug|Any CPU
		{9BA2A627-8A3F-4225-88F8-B6F6FAB119F9}.Debug|Any CPU.Build.0 = Debug|Any CPU
		{9BA2A627-8A3F-4225-88F8-B6F6FAB119F9}.Release|Any CPU.ActiveCfg = Release|Any CPU
		{9BA2A627-8A3F-4225-88F8-B6F6FAB119F9}.Release|Any CPU.Build.0 = Release|Any CPU
	EndGlobalSection
	GlobalSection(SolutionProperties) = preSolution
		HideSolutionNode = FALSE
	EndGlobalSection
	GlobalSection(ExtensibilityGlobals) = postSolution
		SolutionGuid = {12C8D055-A678-4A9C-ADD3-8AD6D87B099C}
	EndGlobalSection
EndGlobal
